// !$*UTF8*$!
{
	archiveVersion = 1;
	classes = {
	};
	objectVersion = 51;
	objects = {

/* Begin PBXBuildFile section */
		92916444354FDF3B599FD0B0 /* Pods_ToDo_Application.framework in Frameworks */ = {isa = PBXBuildFile; fileRef = 5B8BC210EA5A9C05E584D616 /* Pods_ToDo_Application.framework */; };
		FA0FF457249F730200440DD7 /* AppDelegate.swift in Sources */ = {isa = PBXBuildFile; fileRef = FA0FF456249F730200440DD7 /* AppDelegate.swift */; };
		FA0FF459249F730200440DD7 /* SceneDelegate.swift in Sources */ = {isa = PBXBuildFile; fileRef = FA0FF458249F730200440DD7 /* SceneDelegate.swift */; };
		FA0FF45B249F730200440DD7 /* ViewController.swift in Sources */ = {isa = PBXBuildFile; fileRef = FA0FF45A249F730200440DD7 /* ViewController.swift */; };
		FA0FF45E249F730200440DD7 /* Main.storyboard in Resources */ = {isa = PBXBuildFile; fileRef = FA0FF45C249F730200440DD7 /* Main.storyboard */; };
		FA0FF460249F730300440DD7 /* Assets.xcassets in Resources */ = {isa = PBXBuildFile; fileRef = FA0FF45F249F730300440DD7 /* Assets.xcassets */; };
		FA0FF463249F730300440DD7 /* LaunchScreen.storyboard in Resources */ = {isa = PBXBuildFile; fileRef = FA0FF461249F730300440DD7 /* LaunchScreen.storyboard */; };
		FA0FF46F249F777500440DD7 /* TodoCell.swift in Sources */ = {isa = PBXBuildFile; fileRef = FA0FF46D249F777500440DD7 /* TodoCell.swift */; };
		FA0FF473249F779C00440DD7 /* TodoTableViewCell.swift in Sources */ = {isa = PBXBuildFile; fileRef = FA0FF471249F779C00440DD7 /* TodoTableViewCell.swift */; };
		FA0FF476249FFA4300440DD7 /* LoginViewController.swift in Sources */ = {isa = PBXBuildFile; fileRef = FA0FF475249FFA4300440DD7 /* LoginViewController.swift */; };
		FA0FF47924A01DC200440DD7 /* Card.swift in Sources */ = {isa = PBXBuildFile; fileRef = FA0FF47724A01DC200440DD7 /* Card.swift */; };
		FA0FF47C24A0958800440DD7 /* SingleTodoViewController.swift in Sources */ = {isa = PBXBuildFile; fileRef = FA0FF47B24A0958800440DD7 /* SingleTodoViewController.swift */; };
		FA0FF48024A0B03E00440DD7 /* Todo.swift in Sources */ = {isa = PBXBuildFile; fileRef = FA0FF47F24A0B03E00440DD7 /* Todo.swift */; };
		FA0FF48624A11ED600440DD7 /* CalendarViewController.swift in Sources */ = {isa = PBXBuildFile; fileRef = FA0FF48524A11ED600440DD7 /* CalendarViewController.swift */; };
		FA0FF48824A11F0100440DD7 /* MenuViewController.swift in Sources */ = {isa = PBXBuildFile; fileRef = FA0FF48724A11F0100440DD7 /* MenuViewController.swift */; };
/* End PBXBuildFile section */

/* Begin PBXFileReference section */
		47D97C73FBB4D260CD31079E /* Pods-ToDo-Application.release.xcconfig */ = {isa = PBXFileReference; includeInIndex = 1; lastKnownFileType = text.xcconfig; name = "Pods-ToDo-Application.release.xcconfig"; path = "Target Support Files/Pods-ToDo-Application/Pods-ToDo-Application.release.xcconfig"; sourceTree = "<group>"; };
		568BBDB8FF753FB6F46D46BE /* Pods-ToDo-Application.debug.xcconfig */ = {isa = PBXFileReference; includeInIndex = 1; lastKnownFileType = text.xcconfig; name = "Pods-ToDo-Application.debug.xcconfig"; path = "Target Support Files/Pods-ToDo-Application/Pods-ToDo-Application.debug.xcconfig"; sourceTree = "<group>"; };
		5B8BC210EA5A9C05E584D616 /* Pods_ToDo_Application.framework */ = {isa = PBXFileReference; explicitFileType = wrapper.framework; includeInIndex = 0; path = Pods_ToDo_Application.framework; sourceTree = BUILT_PRODUCTS_DIR; };
		FA0FF453249F730200440DD7 /* ToDo-Application.app */ = {isa = PBXFileReference; explicitFileType = wrapper.application; includeInIndex = 0; path = "ToDo-Application.app"; sourceTree = BUILT_PRODUCTS_DIR; };
		FA0FF456249F730200440DD7 /* AppDelegate.swift */ = {isa = PBXFileReference; lastKnownFileType = sourcecode.swift; path = AppDelegate.swift; sourceTree = "<group>"; };
		FA0FF458249F730200440DD7 /* SceneDelegate.swift */ = {isa = PBXFileReference; lastKnownFileType = sourcecode.swift; path = SceneDelegate.swift; sourceTree = "<group>"; };
		FA0FF45A249F730200440DD7 /* ViewController.swift */ = {isa = PBXFileReference; lastKnownFileType = sourcecode.swift; path = ViewController.swift; sourceTree = "<group>"; };
		FA0FF45D249F730200440DD7 /* Base */ = {isa = PBXFileReference; lastKnownFileType = file.storyboard; name = Base; path = Base.lproj/Main.storyboard; sourceTree = "<group>"; };
		FA0FF45F249F730300440DD7 /* Assets.xcassets */ = {isa = PBXFileReference; lastKnownFileType = folder.assetcatalog; path = Assets.xcassets; sourceTree = "<group>"; };
		FA0FF462249F730300440DD7 /* Base */ = {isa = PBXFileReference; lastKnownFileType = file.storyboard; name = Base; path = Base.lproj/LaunchScreen.storyboard; sourceTree = "<group>"; };
		FA0FF464249F730300440DD7 /* Info.plist */ = {isa = PBXFileReference; lastKnownFileType = text.plist.xml; path = Info.plist; sourceTree = "<group>"; };
		FA0FF46D249F777500440DD7 /* TodoCell.swift */ = {isa = PBXFileReference; lastKnownFileType = sourcecode.swift; path = TodoCell.swift; sourceTree = "<group>"; };
		FA0FF471249F779C00440DD7 /* TodoTableViewCell.swift */ = {isa = PBXFileReference; lastKnownFileType = sourcecode.swift; path = TodoTableViewCell.swift; sourceTree = "<group>"; };
		FA0FF475249FFA4300440DD7 /* LoginViewController.swift */ = {isa = PBXFileReference; lastKnownFileType = sourcecode.swift; path = LoginViewController.swift; sourceTree = "<group>"; };
		FA0FF47724A01DC200440DD7 /* Card.swift */ = {isa = PBXFileReference; lastKnownFileType = sourcecode.swift; path = Card.swift; sourceTree = "<group>"; };
		FA0FF47B24A0958800440DD7 /* SingleTodoViewController.swift */ = {isa = PBXFileReference; lastKnownFileType = sourcecode.swift; path = SingleTodoViewController.swift; sourceTree = "<group>"; };
		FA0FF47F24A0B03E00440DD7 /* Todo.swift */ = {isa = PBXFileReference; lastKnownFileType = sourcecode.swift; path = Todo.swift; sourceTree = "<group>"; };
		FA0FF48524A11ED600440DD7 /* CalendarViewController.swift */ = {isa = PBXFileReference; lastKnownFileType = sourcecode.swift; path = CalendarViewController.swift; sourceTree = "<group>"; };
		FA0FF48724A11F0100440DD7 /* MenuViewController.swift */ = {isa = PBXFileReference; lastKnownFileType = sourcecode.swift; path = MenuViewController.swift; sourceTree = "<group>"; };
/* End PBXFileReference section */

/* Begin PBXFrameworksBuildPhase section */
		FA0FF450249F730200440DD7 /* Frameworks */ = {
			isa = PBXFrameworksBuildPhase;
			buildActionMask = 2147483647;
			files = (
				92916444354FDF3B599FD0B0 /* Pods_ToDo_Application.framework in Frameworks */,
			);
			runOnlyForDeploymentPostprocessing = 0;
		};
/* End PBXFrameworksBuildPhase section */

/* Begin PBXGroup section */
		43CF9502A4B247599E947018 /* Frameworks */ = {
			isa = PBXGroup;
			children = (
				5B8BC210EA5A9C05E584D616 /* Pods_ToDo_Application.framework */,
			);
			name = Frameworks;
			sourceTree = "<group>";
		};
		585E3CD0F9DB7F7663E4FCE9 /* Pods */ = {
			isa = PBXGroup;
			children = (
				568BBDB8FF753FB6F46D46BE /* Pods-ToDo-Application.debug.xcconfig */,
				47D97C73FBB4D260CD31079E /* Pods-ToDo-Application.release.xcconfig */,
			);
			path = Pods;
			sourceTree = "<group>";
		};
		FA0FF44A249F730200440DD7 = {
			isa = PBXGroup;
			children = (
				FA0FF455249F730200440DD7 /* ToDo-Application */,
				FA0FF454249F730200440DD7 /* Products */,
				585E3CD0F9DB7F7663E4FCE9 /* Pods */,
				43CF9502A4B247599E947018 /* Frameworks */,
			);
			sourceTree = "<group>";
		};
		FA0FF454249F730200440DD7 /* Products */ = {
			isa = PBXGroup;
			children = (
				FA0FF453249F730200440DD7 /* ToDo-Application.app */,
			);
			name = Products;
			sourceTree = "<group>";
		};
		FA0FF455249F730200440DD7 /* ToDo-Application */ = {
			isa = PBXGroup;
			children = (
				FA0FF46C249F739300440DD7 /* Model */,
				FA0FF46B249F738600440DD7 /* ViewController */,
				FA0FF46A249F736A00440DD7 /* View */,
				FA0FF456249F730200440DD7 /* AppDelegate.swift */,
				FA0FF458249F730200440DD7 /* SceneDelegate.swift */,
				FA0FF45F249F730300440DD7 /* Assets.xcassets */,
				FA0FF461249F730300440DD7 /* LaunchScreen.storyboard */,
				FA0FF464249F730300440DD7 /* Info.plist */,
			);
			path = "ToDo-Application";
			sourceTree = "<group>";
		};
		FA0FF46A249F736A00440DD7 /* View */ = {
			isa = PBXGroup;
			children = (
				FA0FF47E24A0AF7A00440DD7 /* StoryBoard */,
				FA0FF47D24A0AE6200440DD7 /* Single Cell */,
			);
			path = View;
			sourceTree = "<group>";
		};
		FA0FF46B249F738600440DD7 /* ViewController */ = {
			isa = PBXGroup;
			children = (
				FA0FF45A249F730200440DD7 /* ViewController.swift */,
				FA0FF475249FFA4300440DD7 /* LoginViewController.swift */,
				FA0FF47B24A0958800440DD7 /* SingleTodoViewController.swift */,
				FA0FF48524A11ED600440DD7 /* CalendarViewController.swift */,
				FA0FF48724A11F0100440DD7 /* MenuViewController.swift */,
			);
			path = ViewController;
			sourceTree = "<group>";
		};
		FA0FF46C249F739300440DD7 /* Model */ = {
			isa = PBXGroup;
			children = (
				FA0FF47F24A0B03E00440DD7 /* Todo.swift */,
			);
			path = Model;
			sourceTree = "<group>";
		};
		FA0FF47D24A0AE6200440DD7 /* Single Cell */ = {
			isa = PBXGroup;
			children = (
				FA0FF47724A01DC200440DD7 /* Card.swift */,
				FA0FF471249F779C00440DD7 /* TodoTableViewCell.swift */,
				FA0FF46D249F777500440DD7 /* TodoCell.swift */,
			);
			path = "Single Cell";
			sourceTree = "<group>";
		};
		FA0FF47E24A0AF7A00440DD7 /* StoryBoard */ = {
			isa = PBXGroup;
			children = (
				FA0FF45C249F730200440DD7 /* Main.storyboard */,
			);
			path = StoryBoard;
			sourceTree = "<group>";
		};
/* End PBXGroup section */

/* Begin PBXNativeTarget section */
		FA0FF452249F730200440DD7 /* ToDo-Application */ = {
			isa = PBXNativeTarget;
			buildConfigurationList = FA0FF467249F730300440DD7 /* Build configuration list for PBXNativeTarget "ToDo-Application" */;
			buildPhases = (
				02335F4DB70D8B05A5574939 /* [CP] Check Pods Manifest.lock */,
				FA0FF44F249F730200440DD7 /* Sources */,
				FA0FF450249F730200440DD7 /* Frameworks */,
				FA0FF451249F730200440DD7 /* Resources */,
				A002131374E0C094E76ED0C0 /* [CP] Embed Pods Frameworks */,
			);
			buildRules = (
			);
			dependencies = (
			);
			name = "ToDo-Application";
			productName = "ToDo-Application";
			productReference = FA0FF453249F730200440DD7 /* ToDo-Application.app */;
			productType = "com.apple.product-type.application";
		};
/* End PBXNativeTarget section */

/* Begin PBXProject section */
		FA0FF44B249F730200440DD7 /* Project object */ = {
			isa = PBXProject;
			attributes = {
				LastSwiftUpdateCheck = 1130;
				LastUpgradeCheck = 1130;
				ORGANIZATIONNAME = Decagon;
				TargetAttributes = {
					FA0FF452249F730200440DD7 = {
						CreatedOnToolsVersion = 11.3.1;
					};
				};
			};
			buildConfigurationList = FA0FF44E249F730200440DD7 /* Build configuration list for PBXProject "ToDo-Application" */;
			compatibilityVersion = "Xcode 9.3";
			developmentRegion = en;
			hasScannedForEncodings = 0;
			knownRegions = (
				en,
				Base,
			);
			mainGroup = FA0FF44A249F730200440DD7;
			productRefGroup = FA0FF454249F730200440DD7 /* Products */;
			projectDirPath = "";
			projectRoot = "";
			targets = (
				FA0FF452249F730200440DD7 /* ToDo-Application */,
			);
		};
/* End PBXProject section */

/* Begin PBXResourcesBuildPhase section */
		FA0FF451249F730200440DD7 /* Resources */ = {
			isa = PBXResourcesBuildPhase;
			buildActionMask = 2147483647;
			files = (
				FA0FF463249F730300440DD7 /* LaunchScreen.storyboard in Resources */,
				FA0FF460249F730300440DD7 /* Assets.xcassets in Resources */,
				FA0FF45E249F730200440DD7 /* Main.storyboard in Resources */,
			);
			runOnlyForDeploymentPostprocessing = 0;
		};
/* End PBXResourcesBuildPhase section */

/* Begin PBXShellScriptBuildPhase section */
		02335F4DB70D8B05A5574939 /* [CP] Check Pods Manifest.lock */ = {
			isa = PBXShellScriptBuildPhase;
			buildActionMask = 2147483647;
			files = (
			);
			inputFileListPaths = (
			);
			inputPaths = (
				"${PODS_PODFILE_DIR_PATH}/Podfile.lock",
				"${PODS_ROOT}/Manifest.lock",
			);
			name = "[CP] Check Pods Manifest.lock";
			outputFileListPaths = (
			);
			outputPaths = (
				"$(DERIVED_FILE_DIR)/Pods-ToDo-Application-checkManifestLockResult.txt",
			);
			runOnlyForDeploymentPostprocessing = 0;
			shellPath = /bin/sh;
			shellScript = "diff \"${PODS_PODFILE_DIR_PATH}/Podfile.lock\" \"${PODS_ROOT}/Manifest.lock\" > /dev/null\nif [ $? != 0 ] ; then\n    # print error to STDERR\n    echo \"error: The sandbox is not in sync with the Podfile.lock. Run 'pod install' or update your CocoaPods installation.\" >&2\n    exit 1\nfi\n# This output is used by Xcode 'outputs' to avoid re-running this script phase.\necho \"SUCCESS\" > \"${SCRIPT_OUTPUT_FILE_0}\"\n";
			showEnvVarsInLog = 0;
		};
		A002131374E0C094E76ED0C0 /* [CP] Embed Pods Frameworks */ = {
			isa = PBXShellScriptBuildPhase;
			buildActionMask = 2147483647;
			files = (
			);
			inputFileListPaths = (
				"${PODS_ROOT}/Target Support Files/Pods-ToDo-Application/Pods-ToDo-Application-frameworks-${CONFIGURATION}-input-files.xcfilelist",
			);
			name = "[CP] Embed Pods Frameworks";
			outputFileListPaths = (
				"${PODS_ROOT}/Target Support Files/Pods-ToDo-Application/Pods-ToDo-Application-frameworks-${CONFIGURATION}-output-files.xcfilelist",
			);
			runOnlyForDeploymentPostprocessing = 0;
			shellPath = /bin/sh;
			shellScript = "\"${PODS_ROOT}/Target Support Files/Pods-ToDo-Application/Pods-ToDo-Application-frameworks.sh\"\n";
			showEnvVarsInLog = 0;
		};
/* End PBXShellScriptBuildPhase section */

/* Begin PBXSourcesBuildPhase section */
		FA0FF44F249F730200440DD7 /* Sources */ = {
			isa = PBXSourcesBuildPhase;
			buildActionMask = 2147483647;
			files = (
				FA0FF476249FFA4300440DD7 /* LoginViewController.swift in Sources */,
				FA0FF45B249F730200440DD7 /* ViewController.swift in Sources */,
				FA0FF47C24A0958800440DD7 /* SingleTodoViewController.swift in Sources */,
				FA0FF48624A11ED600440DD7 /* CalendarViewController.swift in Sources */,
				FA0FF47924A01DC200440DD7 /* Card.swift in Sources */,
				FA0FF48024A0B03E00440DD7 /* Todo.swift in Sources */,
				FA0FF48824A11F0100440DD7 /* MenuViewController.swift in Sources */,
				FA0FF457249F730200440DD7 /* AppDelegate.swift in Sources */,
				FA0FF459249F730200440DD7 /* SceneDelegate.swift in Sources */,
				FA0FF473249F779C00440DD7 /* TodoTableViewCell.swift in Sources */,
				FA0FF46F249F777500440DD7 /* TodoCell.swift in Sources */,
			);
			runOnlyForDeploymentPostprocessing = 0;
		};
/* End PBXSourcesBuildPhase section */

/* Begin PBXVariantGroup section */
		FA0FF45C249F730200440DD7 /* Main.storyboard */ = {
			isa = PBXVariantGroup;
			children = (
				FA0FF45D249F730200440DD7 /* Base */,
			);
			name = Main.storyboard;
			sourceTree = "<group>";
		};
		FA0FF461249F730300440DD7 /* LaunchScreen.storyboard */ = {
			isa = PBXVariantGroup;
			children = (
				FA0FF462249F730300440DD7 /* Base */,
			);
			name = LaunchScreen.storyboard;
			sourceTree = "<group>";
		};
/* End PBXVariantGroup section */

/* Begin XCBuildConfiguration section */
		FA0FF465249F730300440DD7 /* Debug */ = {
			isa = XCBuildConfiguration;
			buildSettings = {
				ALWAYS_SEARCH_USER_PATHS = NO;
				CLANG_ANALYZER_NONNULL = YES;
				CLANG_ANALYZER_NUMBER_OBJECT_CONVERSION = YES_AGGRESSIVE;
				CLANG_CXX_LANGUAGE_STANDARD = "gnu++14";
				CLANG_CXX_LIBRARY = "libc++";
				CLANG_ENABLE_MODULES = YES;
				CLANG_ENABLE_OBJC_ARC = YES;
				CLANG_ENABLE_OBJC_WEAK = YES;
				CLANG_WARN_BLOCK_CAPTURE_AUTORELEASING = YES;
				CLANG_WARN_BOOL_CONVERSION = YES;
				CLANG_WARN_COMMA = YES;
				CLANG_WARN_CONSTANT_CONVERSION = YES;
				CLANG_WARN_DEPRECATED_OBJC_IMPLEMENTATIONS = YES;
				CLANG_WARN_DIRECT_OBJC_ISA_USAGE = YES_ERROR;
				CLANG_WARN_DOCUMENTATION_COMMENTS = YES;
				CLANG_WARN_EMPTY_BODY = YES;
				CLANG_WARN_ENUM_CONVERSION = YES;
				CLANG_WARN_INFINITE_RECURSION = YES;
				CLANG_WARN_INT_CONVERSION = YES;
				CLANG_WARN_NON_LITERAL_NULL_CONVERSION = YES;
				CLANG_WARN_OBJC_IMPLICIT_RETAIN_SELF = YES;
				CLANG_WARN_OBJC_LITERAL_CONVERSION = YES;
				CLANG_WARN_OBJC_ROOT_CLASS = YES_ERROR;
				CLANG_WARN_RANGE_LOOP_ANALYSIS = YES;
				CLANG_WARN_STRICT_PROTOTYPES = YES;
				CLANG_WARN_SUSPICIOUS_MOVE = YES;
				CLANG_WARN_UNGUARDED_AVAILABILITY = YES_AGGRESSIVE;
				CLANG_WARN_UNREACHABLE_CODE = YES;
				CLANG_WARN__DUPLICATE_METHOD_MATCH = YES;
				COPY_PHASE_STRIP = NO;
				DEBUG_INFORMATION_FORMAT = dwarf;
				ENABLE_STRICT_OBJC_MSGSEND = YES;
				ENABLE_TESTABILITY = YES;
				GCC_C_LANGUAGE_STANDARD = gnu11;
				GCC_DYNAMIC_NO_PIC = NO;
				GCC_NO_COMMON_BLOCKS = YES;
				GCC_OPTIMIZATION_LEVEL = 0;
				GCC_PREPROCESSOR_DEFINITIONS = (
					"DEBUG=1",
					"$(inherited)",
				);
				GCC_WARN_64_TO_32_BIT_CONVERSION = YES;
				GCC_WARN_ABOUT_RETURN_TYPE = YES_ERROR;
				GCC_WARN_UNDECLARED_SELECTOR = YES;
				GCC_WARN_UNINITIALIZED_AUTOS = YES_AGGRESSIVE;
				GCC_WARN_UNUSED_FUNCTION = YES;
				GCC_WARN_UNUSED_VARIABLE = YES;
				IPHONEOS_DEPLOYMENT_TARGET = 13.2;
				MTL_ENABLE_DEBUG_INFO = INCLUDE_SOURCE;
				MTL_FAST_MATH = YES;
				ONLY_ACTIVE_ARCH = YES;
				SDKROOT = iphoneos;
				SWIFT_ACTIVE_COMPILATION_CONDITIONS = DEBUG;
				SWIFT_OPTIMIZATION_LEVEL = "-Onone";
			};
			name = Debug;
		};
		FA0FF466249F730300440DD7 /* Release */ = {
			isa = XCBuildConfiguration;
			buildSettings = {
				ALWAYS_SEARCH_USER_PATHS = NO;
				CLANG_ANALYZER_NONNULL = YES;
				CLANG_ANALYZER_NUMBER_OBJECT_CONVERSION = YES_AGGRESSIVE;
				CLANG_CXX_LANGUAGE_STANDARD = "gnu++14";
				CLANG_CXX_LIBRARY = "libc++";
				CLANG_ENABLE_MODULES = YES;
				CLANG_ENABLE_OBJC_ARC = YES;
				CLANG_ENABLE_OBJC_WEAK = YES;
				CLANG_WARN_BLOCK_CAPTURE_AUTORELEASING = YES;
				CLANG_WARN_BOOL_CONVERSION = YES;
				CLANG_WARN_COMMA = YES;
				CLANG_WARN_CONSTANT_CONVERSION = YES;
				CLANG_WARN_DEPRECATED_OBJC_IMPLEMENTATIONS = YES;
				CLANG_WARN_DIRECT_OBJC_ISA_USAGE = YES_ERROR;
				CLANG_WARN_DOCUMENTATION_COMMENTS = YES;
				CLANG_WARN_EMPTY_BODY = YES;
				CLANG_WARN_ENUM_CONVERSION = YES;
				CLANG_WARN_INFINITE_RECURSION = YES;
				CLANG_WARN_INT_CONVERSION = YES;
				CLANG_WARN_NON_LITERAL_NULL_CONVERSION = YES;
				CLANG_WARN_OBJC_IMPLICIT_RETAIN_SELF = YES;
				CLANG_WARN_OBJC_LITERAL_CONVERSION = YES;
				CLANG_WARN_OBJC_ROOT_CLASS = YES_ERROR;
				CLANG_WARN_RANGE_LOOP_ANALYSIS = YES;
				CLANG_WARN_STRICT_PROTOTYPES = YES;
				CLANG_WARN_SUSPICIOUS_MOVE = YES;
				CLANG_WARN_UNGUARDED_AVAILABILITY = YES_AGGRESSIVE;
				CLANG_WARN_UNREACHABLE_CODE = YES;
				CLANG_WARN__DUPLICATE_METHOD_MATCH = YES;
				COPY_PHASE_STRIP = NO;
				DEBUG_INFORMATION_FORMAT = "dwarf-with-dsym";
				ENABLE_NS_ASSERTIONS = NO;
				ENABLE_STRICT_OBJC_MSGSEND = YES;
				GCC_C_LANGUAGE_STANDARD = gnu11;
				GCC_NO_COMMON_BLOCKS = YES;
				GCC_WARN_64_TO_32_BIT_CONVERSION = YES;
				GCC_WARN_ABOUT_RETURN_TYPE = YES_ERROR;
				GCC_WARN_UNDECLARED_SELECTOR = YES;
				GCC_WARN_UNINITIALIZED_AUTOS = YES_AGGRESSIVE;
				GCC_WARN_UNUSED_FUNCTION = YES;
				GCC_WARN_UNUSED_VARIABLE = YES;
				IPHONEOS_DEPLOYMENT_TARGET = 13.2;
				MTL_ENABLE_DEBUG_INFO = NO;
				MTL_FAST_MATH = YES;
				SDKROOT = iphoneos;
				SWIFT_COMPILATION_MODE = wholemodule;
				SWIFT_OPTIMIZATION_LEVEL = "-O";
				VALIDATE_PRODUCT = YES;
			};
			name = Release;
		};
		FA0FF468249F730300440DD7 /* Debug */ = {
			isa = XCBuildConfiguration;
			baseConfigurationReference = 568BBDB8FF753FB6F46D46BE /* Pods-ToDo-Application.debug.xcconfig */;
			buildSettings = {
				ASSETCATALOG_COMPILER_APPICON_NAME = AppIcon;
				CODE_SIGN_IDENTITY = "Apple Development";
				CODE_SIGN_STYLE = Automatic;
				DEVELOPMENT_TEAM = FM2684XVHA;
				INFOPLIST_FILE = "ToDo-Application/Info.plist";
				LD_RUNPATH_SEARCH_PATHS = (
					"$(inherited)",
					"@executable_path/Frameworks",
				);
				PRODUCT_BUNDLE_IDENTIFIER = "com.Decagon.ToDo-Application";
				PRODUCT_NAME = "$(TARGET_NAME)";
				PROVISIONING_PROFILE_SPECIFIER = "";
				SWIFT_VERSION = 5.0;
				TARGETED_DEVICE_FAMILY = "1,2";
			};
			name = Debug;
		};
		FA0FF469249F730300440DD7 /* Release */ = {
			isa = XCBuildConfiguration;
			baseConfigurationReference = 47D97C73FBB4D260CD31079E /* Pods-ToDo-Application.release.xcconfig */;
			buildSettings = {
				ASSETCATALOG_COMPILER_APPICON_NAME = AppIcon;
				CODE_SIGN_STYLE = Automatic;
				INFOPLIST_FILE = "ToDo-Application/Info.plist";
				LD_RUNPATH_SEARCH_PATHS = (
					"$(inherited)",
					"@executable_path/Frameworks",
				);
				PRODUCT_BUNDLE_IDENTIFIER = "com.Decagon.ToDo-Application";
				PRODUCT_NAME = "$(TARGET_NAME)";
				SWIFT_VERSION = 5.0;
				TARGETED_DEVICE_FAMILY = "1,2";
			};
			name = Release;
		};
/* End XCBuildConfiguration section */

/* Begin XCConfigurationList section */
		FA0FF44E249F730200440DD7 /* Build configuration list for PBXProject "ToDo-Application" */ = {
			isa = XCConfigurationList;
			buildConfigurations = (
				FA0FF465249F730300440DD7 /* Debug */,
				FA0FF466249F730300440DD7 /* Release */,
			);
			defaultConfigurationIsVisible = 0;
			defaultConfigurationName = Release;
		};
		FA0FF467249F730300440DD7 /* Build configuration list for PBXNativeTarget "ToDo-Application" */ = {
			isa = XCConfigurationList;
			buildConfigurations = (
				FA0FF468249F730300440DD7 /* Debug */,
				FA0FF469249F730300440DD7 /* Release */,
			);
			defaultConfigurationIsVisible = 0;
			defaultConfigurationName = Release;
		};
/* End XCConfigurationList section */
	};
	rootObject = FA0FF44B249F730200440DD7 /* Project object */;
}
